
Microsoft Visual Studio Solution File, Format Version 12.00
# Visual Studio Version 17
VisualStudioVersion = 17.0.31903.59
MinimumVisualStudioVersion = 10.0.40219.1
Project("{9A19103F-16F7-4668-BE54-9A1E7A4F7556}") = "BlazorEcommerce.Server", "BlazorEcommerce\Server\BlazorEcommerce.Server.csproj", "{0F0FC238-1551-45A7-BB93-2848E45D1765}"
EndProject
Project("{9A19103F-16F7-4668-BE54-9A1E7A4F7556}") = "BlazorEcommerce.Client", "BlazorEcommerce\Client\BlazorEcommerce.Client.csproj", "{4822AE95-A67F-4E5D-9829-207876DD1F0E}"
EndProject
Project("{9A19103F-16F7-4668-BE54-9A1E7A4F7556}") = "BlazorEcommerce.Shared", "BlazorEcommerce\Shared\BlazorEcommerce.Shared.csproj", "{A0446615-92FA-4B59-A78B-FF568B990EF0}"
EndProject
Global
	GlobalSection(SolutionConfigurationPlatforms) = preSolution
		Debug|Any CPU = Debug|Any CPU
		Release|Any CPU = Release|Any CPU
	EndGlobalSection
	GlobalSection(ProjectConfigurationPlatforms) = postSolution
		{0F0FC238-1551-45A7-BB93-2848E45D1765}.Debug|Any CPU.ActiveCfg = Debug|Any CPU
		{0F0FC238-1551-45A7-BB93-2848E45D1765}.Debug|Any CPU.Build.0 = Debug|Any CPU
		{0F0FC238-1551-45A7-BB93-2848E45D1765}.Release|Any CPU.ActiveCfg = Release|Any CPU
		{0F0FC238-1551-45A7-BB93-2848E45D1765}.Release|Any CPU.Build.0 = Release|Any CPU
		{4822AE95-A67F-4E5D-9829-207876DD1F0E}.Debug|Any CPU.ActiveCfg = Debug|Any CPU
		{4822AE95-A67F-4E5D-9829-207876DD1F0E}.Debug|Any CPU.Build.0 = Debug|Any CPU
		{4822AE95-A67F-4E5D-9829-207876DD1F0E}.Release|Any CPU.ActiveCfg = Release|Any CPU
		{4822AE95-A67F-4E5D-9829-207876DD1F0E}.Release|Any CPU.Build.0 = Release|Any CPU
		{A0446615-92FA-4B59-A78B-FF568B990EF0}.Debug|Any CPU.ActiveCfg = Debug|Any CPU
		{A0446615-92FA-4B59-A78B-FF568B990EF0}.Debug|Any CPU.Build.0 = Debug|Any CPU
		{A0446615-92FA-4B59-A78B-FF568B990EF0}.Release|Any CPU.ActiveCfg = Release|Any CPU
		{A0446615-92FA-4B59-A78B-FF568B990EF0}.Release|Any CPU.Build.0 = Release|Any CPU
	EndGlobalSection
	GlobalSection(SolutionProperties) = preSolution
		HideSolutionNode = FALSE
	EndGlobalSection
	GlobalSection(ExtensibilityGlobals) = postSolution
		SolutionGuid = {A9E3FD42-1120-4D6E-8C2F-E94DA60A1651}
	EndGlobalSection
EndGlobal
